
Microsoft Visual Studio Solution File, Format Version 12.00
# Visual Studio Version 17
VisualStudioVersion = 17.5.33516.290
MinimumVisualStudioVersion = 10.0.40219.1
Project("{8BC9CEB8-8B4A-11D0-8D11-00A0C91BC942}") = "vector01", "STL_Learning.vcxproj", "{F0B90253-B583-47E5-A634-C94E313FDC44}"
EndProject
Project("{8BC9CEB8-8B4A-11D0-8D11-00A0C91BC942}") = "vector02", "..\vector02\vector02.vcxproj", "{E8E2B42F-840E-44B8-BAD5-EBBDC055A584}"
EndProject
Global
	GlobalSection(SolutionConfigurationPlatforms) = preSolution
		Debug|x64 = Debug|x64
		Debug|x86 = Debug|x86
		Release|x64 = Release|x64
		Release|x86 = Release|x86
	EndGlobalSection
	GlobalSection(ProjectConfigurationPlatforms) = postSolution
		{F0B90253-B583-47E5-A634-C94E313FDC44}.Debug|x64.ActiveCfg = Debug|x64
		{F0B90253-B583-47E5-A634-C94E313FDC44}.Debug|x64.Build.0 = Debug|x64
		{F0B90253-B583-47E5-A634-C94E313FDC44}.Debug|x86.ActiveCfg = Debug|Win32
		{F0B90253-B583-47E5-A634-C94E313FDC44}.Debug|x86.Build.0 = Debug|Win32
		{F0B90253-B583-47E5-A634-C94E313FDC44}.Release|x64.ActiveCfg = Release|x64
		{F0B90253-B583-47E5-A634-C94E313FDC44}.Release|x64.Build.0 = Release|x64
		{F0B90253-B583-47E5-A634-C94E313FDC44}.Release|x86.ActiveCfg = Release|Win32
		{F0B90253-B583-47E5-A634-C94E313FDC44}.Release|x86.Build.0 = Release|Win32
		{E8E2B42F-840E-44B8-BAD5-EBBDC055A584}.Debug|x64.ActiveCfg = Debug|x64
		{E8E2B42F-840E-44B8-BAD5-EBBDC055A584}.Debug|x64.Build.0 = Debug|x64
		{E8E2B42F-840E-44B8-BAD5-EBBDC055A584}.Debug|x86.ActiveCfg = Debug|Win32
		{E8E2B42F-840E-44B8-BAD5-EBBDC055A584}.Debug|x86.Build.0 = Debug|Win32
		{E8E2B42F-840E-44B8-BAD5-EBBDC055A584}.Release|x64.ActiveCfg = Release|x64
		{E8E2B42F-840E-44B8-BAD5-EBBDC055A584}.Release|x64.Build.0 = Release|x64
		{E8E2B42F-840E-44B8-BAD5-EBBDC055A584}.Release|x86.ActiveCfg = Release|Win32
		{E8E2B42F-840E-44B8-BAD5-EBBDC055A584}.Release|x86.Build.0 = Release|Win32
	EndGlobalSection
	GlobalSection(SolutionProperties) = preSolution
		HideSolutionNode = FALSE
	EndGlobalSection
	GlobalSection(ExtensibilityGlobals) = postSolution
		SolutionGuid = {041DF915-BD6E-457F-AE74-3FE33275ECB5}
	EndGlobalSection
EndGlobal
